
Microsoft Visual Studio Solution File, Format Version 12.00
# Visual Studio Version 17
VisualStudioVersion = 17.5.33502.453
MinimumVisualStudioVersion = 10.0.40219.1
Project("{FAE04EC0-301F-11D3-BF4B-00C04F79EFBC}") = "Pizzatilaus", "Pizzatilaus.csproj", "{68064545-2521-424C-BE24-A9C4ED8C33E7}"
EndProject
Global
	GlobalSection(SolutionConfigurationPlatforms) = preSolution
		Debug|Any CPU = Debug|Any CPU
		Release|Any CPU = Release|Any CPU
	EndGlobalSection
	GlobalSection(ProjectConfigurationPlatforms) = postSolution
		{68064545-2521-424C-BE24-A9C4ED8C33E7}.Debug|Any CPU.ActiveCfg = Debug|Any CPU
		{68064545-2521-424C-BE24-A9C4ED8C33E7}.Debug|Any CPU.Build.0 = Debug|Any CPU
		{68064545-2521-424C-BE24-A9C4ED8C33E7}.Release|Any CPU.ActiveCfg = Release|Any CPU
		{68064545-2521-424C-BE24-A9C4ED8C33E7}.Release|Any CPU.Build.0 = Release|Any CPU
	EndGlobalSection
	GlobalSection(SolutionProperties) = preSolution
		HideSolutionNode = FALSE
	EndGlobalSection
	GlobalSection(ExtensibilityGlobals) = postSolution
		SolutionGuid = {8283AA21-DACC-4271-BB7E-C81619795DD0}
	EndGlobalSection
EndGlobal
